// !$*UTF8*$!
{
	archiveVersion = 1;
	classes = {
	};
	objectVersion = 50;
	objects = {

/* Begin PBXBuildFile section */
		3FEE168D21B90D28007AEDCF /* AppDelegate.swift in Sources */ = {isa = PBXBuildFile; fileRef = 3FEE168C21B90D28007AEDCF /* AppDelegate.swift */; };
		3FEE168F21B90D28007AEDCF /* ViewController.swift in Sources */ = {isa = PBXBuildFile; fileRef = 3FEE168E21B90D28007AEDCF /* ViewController.swift */; };
		3FEE169221B90D28007AEDCF /* Main.storyboard in Resources */ = {isa = PBXBuildFile; fileRef = 3FEE169021B90D28007AEDCF /* Main.storyboard */; };
		3FEE169421B90D28007AEDCF /* Assets.xcassets in Resources */ = {isa = PBXBuildFile; fileRef = 3FEE169321B90D28007AEDCF /* Assets.xcassets */; };
		3FEE169721B90D28007AEDCF /* LaunchScreen.storyboard in Resources */ = {isa = PBXBuildFile; fileRef = 3FEE169521B90D28007AEDCF /* LaunchScreen.storyboard */; };
		3FEE169F21B90D62007AEDCF /* secondController.swift in Sources */ = {isa = PBXBuildFile; fileRef = 3FEE169E21B90D62007AEDCF /* secondController.swift */; };
		3FEE16A321B91597007AEDCF /* student.swift in Sources */ = {isa = PBXBuildFile; fileRef = 3FEE16A221B91597007AEDCF /* student.swift */; };
/* End PBXBuildFile section */

/* Begin PBXFileReference section */
		3FEE168921B90D28007AEDCF /* MoreMVC.app */ = {isa = PBXFileReference; explicitFileType = wrapper.application; includeInIndex = 0; path = MoreMVC.app; sourceTree = BUILT_PRODUCTS_DIR; };
		3FEE168C21B90D28007AEDCF /* AppDelegate.swift */ = {isa = PBXFileReference; lastKnownFileType = sourcecode.swift; path = AppDelegate.swift; sourceTree = "<group>"; };
		3FEE168E21B90D28007AEDCF /* ViewController.swift */ = {isa = PBXFileReference; lastKnownFileType = sourcecode.swift; path = ViewController.swift; sourceTree = "<group>"; };
		3FEE169121B90D28007AEDCF /* Base */ = {isa = PBXFileReference; lastKnownFileType = file.storyboard; name = Base; path = Base.lproj/Main.storyboard; sourceTree = "<group>"; };
		3FEE169321B90D28007AEDCF /* Assets.xcassets */ = {isa = PBXFileReference; lastKnownFileType = folder.assetcatalog; path = Assets.xcassets; sourceTree = "<group>"; };
		3FEE169621B90D28007AEDCF /* Base */ = {isa = PBXFileReference; lastKnownFileType = file.storyboard; name = Base; path = Base.lproj/LaunchScreen.storyboard; sourceTree = "<group>"; };
		3FEE169821B90D28007AEDCF /* Info.plist */ = {isa = PBXFileReference; lastKnownFileType = text.plist.xml; path = Info.plist; sourceTree = "<group>"; };
		3FEE169E21B90D62007AEDCF /* secondController.swift */ = {isa = PBXFileReference; lastKnownFileType = sourcecode.swift; path = secondController.swift; sourceTree = "<group>"; };
		3FEE16A221B91597007AEDCF /* student.swift */ = {isa = PBXFileReference; lastKnownFileType = sourcecode.swift; path = student.swift; sourceTree = "<group>"; };
/* End PBXFileReference section */

/* Begin PBXFrameworksBuildPhase section */
		3FEE168621B90D28007AEDCF /* Frameworks */ = {
			isa = PBXFrameworksBuildPhase;
			buildActionMask = 2147483647;
			files = (
			);
			runOnlyForDeploymentPostprocessing = 0;
		};
/* End PBXFrameworksBuildPhase section */

/* Begin PBXGroup section */
		3FEE168021B90D28007AEDCF = {
			isa = PBXGroup;
			children = (
				3FEE168B21B90D28007AEDCF /* moreMVC1 */,
				3FEE168A21B90D28007AEDCF /* Products */,
			);
			sourceTree = "<group>";
		};
		3FEE168A21B90D28007AEDCF /* Products */ = {
			isa = PBXGroup;
			children = (
				3FEE168921B90D28007AEDCF /* MoreMVC.app */,
			);
			name = Products;
			sourceTree = "<group>";
		};
		3FEE168B21B90D28007AEDCF /* moreMVC1 */ = {
			isa = PBXGroup;
			children = (
				3FEE168C21B90D28007AEDCF /* AppDelegate.swift */,
				3FEE169E21B90D62007AEDCF /* secondController.swift */,
				3FEE168E21B90D28007AEDCF /* ViewController.swift */,
				3FEE169021B90D28007AEDCF /* Main.storyboard */,
				3FEE16A221B91597007AEDCF /* student.swift */,
				3FEE169321B90D28007AEDCF /* Assets.xcassets */,
				3FEE169521B90D28007AEDCF /* LaunchScreen.storyboard */,
				3FEE169821B90D28007AEDCF /* Info.plist */,
			);
			path = moreMVC1;
			sourceTree = "<group>";
		};
/* End PBXGroup section */

/* Begin PBXNativeTarget section */
		3FEE168821B90D28007AEDCF /* MoreMVC */ = {
			isa = PBXNativeTarget;
			buildConfigurationList = 3FEE169B21B90D28007AEDCF /* Build configuration list for PBXNativeTarget "MoreMVC" */;
			buildPhases = (
				3FEE168521B90D28007AEDCF /* Sources */,
				3FEE168621B90D28007AEDCF /* Frameworks */,
				3FEE168721B90D28007AEDCF /* Resources */,
			);
			buildRules = (
			);
			dependencies = (
			);
			name = MoreMVC;
			productName = moreMVC1;
			productReference = 3FEE168921B90D28007AEDCF /* MoreMVC.app */;
			productType = "com.apple.product-type.application";
		};
/* End PBXNativeTarget section */

/* Begin PBXProject section */
		3FEE168121B90D28007AEDCF /* Project object */ = {
			isa = PBXProject;
			attributes = {
				LastSwiftUpdateCheck = 1000;
				LastUpgradeCheck = 1000;
				ORGANIZATIONNAME = yls;
				TargetAttributes = {
					3FEE168821B90D28007AEDCF = {
						CreatedOnToolsVersion = 10.0;
					};
				};
			};
			buildConfigurationList = 3FEE168421B90D28007AEDCF /* Build configuration list for PBXProject "MoreMVC" */;
			compatibilityVersion = "Xcode 9.3";
			developmentRegion = en;
			hasScannedForEncodings = 0;
			knownRegions = (
				en,
				Base,
			);
			mainGroup = 3FEE168021B90D28007AEDCF;
			productRefGroup = 3FEE168A21B90D28007AEDCF /* Products */;
			projectDirPath = "";
			projectRoot = "";
			targets = (
				3FEE168821B90D28007AEDCF /* MoreMVC */,
			);
		};
/* End PBXProject section */

/* Begin PBXResourcesBuildPhase section */
		3FEE168721B90D28007AEDCF /* Resources */ = {
			isa = PBXResourcesBuildPhase;
			buildActionMask = 2147483647;
			files = (
				3FEE169721B90D28007AEDCF /* LaunchScreen.storyboard in Resources */,
				3FEE169421B90D28007AEDCF /* Assets.xcassets in Resources */,
				3FEE169221B90D28007AEDCF /* Main.storyboard in Resources */,
			);
			runOnlyForDeploymentPostprocessing = 0;
		};
/* End PBXResourcesBuildPhase section */

/* Begin PBXSourcesBuildPhase section */
		3FEE168521B90D28007AEDCF /* Sources */ = {
			isa = PBXSourcesBuildPhase;
			buildActionMask = 2147483647;
			files = (
				3FEE169F21B90D62007AEDCF /* secondController.swift in Sources */,
				3FEE168F21B90D28007AEDCF /* ViewController.swift in Sources */,
				3FEE168D21B90D28007AEDCF /* AppDelegate.swift in Sources */,
				3FEE16A321B91597007AEDCF /* student.swift in Sources */,
			);
			runOnlyForDeploymentPostprocessing = 0;
		};
/* End PBXSourcesBuildPhase section */

/* Begin PBXVariantGroup section */
		3FEE169021B90D28007AEDCF /* Main.storyboard */ = {
			isa = PBXVariantGroup;
			children = (
				3FEE169121B90D28007AEDCF /* Base */,
			);
			name = Main.storyboard;
			sourceTree = "<group>";
		};
		3FEE169521B90D28007AEDCF /* LaunchScreen.storyboard */ = {
			isa = PBXVariantGroup;
			children = (
				3FEE169621B90D28007AEDCF /* Base */,
			);
			name = LaunchScreen.storyboard;
			sourceTree = "<group>";
		};
/* End PBXVariantGroup section */

/* Begin XCBuildConfiguration section */
		3FEE169921B90D28007AEDCF /* Debug */ = {
			isa = XCBuildConfiguration;
			buildSettings = {
				ALWAYS_SEARCH_USER_PATHS = NO;
				CLANG_ANALYZER_NONNULL = YES;
				CLANG_ANALYZER_NUMBER_OBJECT_CONVERSION = YES_AGGRESSIVE;
				CLANG_CXX_LANGUAGE_STANDARD = "gnu++14";
				CLANG_CXX_LIBRARY = "libc++";
				CLANG_ENABLE_MODULES = YES;
				CLANG_ENABLE_OBJC_ARC = YES;
				CLANG_ENABLE_OBJC_WEAK = YES;
				CLANG_WARN_BLOCK_CAPTURE_AUTORELEASING = YES;
				CLANG_WARN_BOOL_CONVERSION = YES;
				CLANG_WARN_COMMA = YES;
				CLANG_WARN_CONSTANT_CONVERSION = YES;
				CLANG_WARN_DEPRECATED_OBJC_IMPLEMENTATIONS = YES;
				CLANG_WARN_DIRECT_OBJC_ISA_USAGE = YES_ERROR;
				CLANG_WARN_DOCUMENTATION_COMMENTS = YES;
				CLANG_WARN_EMPTY_BODY = YES;
				CLANG_WARN_ENUM_CONVERSION = YES;
				CLANG_WARN_INFINITE_RECURSION = YES;
				CLANG_WARN_INT_CONVERSION = YES;
				CLANG_WARN_NON_LITERAL_NULL_CONVERSION = YES;
				CLANG_WARN_OBJC_IMPLICIT_RETAIN_SELF = YES;
				CLANG_WARN_OBJC_LITERAL_CONVERSION = YES;
				CLANG_WARN_OBJC_ROOT_CLASS = YES_ERROR;
				CLANG_WARN_RANGE_LOOP_ANALYSIS = YES;
				CLANG_WARN_STRICT_PROTOTYPES = YES;
				CLANG_WARN_SUSPICIOUS_MOVE = YES;
				CLANG_WARN_UNGUARDED_AVAILABILITY = YES_AGGRESSIVE;
				CLANG_WARN_UNREACHABLE_CODE = YES;
				CLANG_WARN__DUPLICATE_METHOD_MATCH = YES;
				CODE_SIGN_IDENTITY = "iPhone Developer";
				COPY_PHASE_STRIP = NO;
				DEBUG_INFORMATION_FORMAT = dwarf;
				ENABLE_STRICT_OBJC_MSGSEND = YES;
				ENABLE_TESTABILITY = YES;
				GCC_C_LANGUAGE_STANDARD = gnu11;
				GCC_DYNAMIC_NO_PIC = NO;
				GCC_NO_COMMON_BLOCKS = YES;
				GCC_OPTIMIZATION_LEVEL = 0;
				GCC_PREPROCESSOR_DEFINITIONS = (
					"DEBUG=1",
					"$(inherited)",
				);
				GCC_WARN_64_TO_32_BIT_CONVERSION = YES;
				GCC_WARN_ABOUT_RETURN_TYPE = YES_ERROR;
				GCC_WARN_UNDECLARED_SELECTOR = YES;
				GCC_WARN_UNINITIALIZED_AUTOS = YES_AGGRESSIVE;
				GCC_WARN_UNUSED_FUNCTION = YES;
				GCC_WARN_UNUSED_VARIABLE = YES;
				IPHONEOS_DEPLOYMENT_TARGET = 12.0;
				MTL_ENABLE_DEBUG_INFO = INCLUDE_SOURCE;
				MTL_FAST_MATH = YES;
				ONLY_ACTIVE_ARCH = YES;
				SDKROOT = iphoneos;
				SWIFT_ACTIVE_COMPILATION_CONDITIONS = DEBUG;
				SWIFT_OPTIMIZATION_LEVEL = "-Onone";
			};
			name = Debug;
		};
		3FEE169A21B90D28007AEDCF /* Release */ = {
			isa = XCBuildConfiguration;
			buildSettings = {
				ALWAYS_SEARCH_USER_PATHS = NO;
				CLANG_ANALYZER_NONNULL = YES;
				CLANG_ANALYZER_NUMBER_OBJECT_CONVERSION = YES_AGGRESSIVE;
				CLANG_CXX_LANGUAGE_STANDARD = "gnu++14";
				CLANG_CXX_LIBRARY = "libc++";
				CLANG_ENABLE_MODULES = YES;
				CLANG_ENABLE_OBJC_ARC = YES;
				CLANG_ENABLE_OBJC_WEAK = YES;
				CLANG_WARN_BLOCK_CAPTURE_AUTORELEASING = YES;
				CLANG_WARN_BOOL_CONVERSION = YES;
				CLANG_WARN_COMMA = YES;
				CLANG_WARN_CONSTANT_CONVERSION = YES;
				CLANG_WARN_DEPRECATED_OBJC_IMPLEMENTATIONS = YES;
				CLANG_WARN_DIRECT_OBJC_ISA_USAGE = YES_ERROR;
				CLANG_WARN_DOCUMENTATION_COMMENTS = YES;
				CLANG_WARN_EMPTY_BODY = YES;
				CLANG_WARN_ENUM_CONVERSION = YES;
				CLANG_WARN_INFINITE_RECURSION = YES;
				CLANG_WARN_INT_CONVERSION = YES;
				CLANG_WARN_NON_LITERAL_NULL_CONVERSION = YES;
				CLANG_WARN_OBJC_IMPLICIT_RETAIN_SELF = YES;
				CLANG_WARN_OBJC_LITERAL_CONVERSION = YES;
				CLANG_WARN_OBJC_ROOT_CLASS = YES_ERROR;
				CLANG_WARN_RANGE_LOOP_ANALYSIS = YES;
				CLANG_WARN_STRICT_PROTOTYPES = YES;
				CLANG_WARN_SUSPICIOUS_MOVE = YES;
				CLANG_WARN_UNGUARDED_AVAILABILITY = YES_AGGRESSIVE;
				CLANG_WARN_UNREACHABLE_CODE = YES;
				CLANG_WARN__DUPLICATE_METHOD_MATCH = YES;
				CODE_SIGN_IDENTITY = "iPhone Developer";
				COPY_PHASE_STRIP = NO;
				DEBUG_INFORMATION_FORMAT = "dwarf-with-dsym";
				ENABLE_NS_ASSERTIONS = NO;
				ENABLE_STRICT_OBJC_MSGSEND = YES;
				GCC_C_LANGUAGE_STANDARD = gnu11;
				GCC_NO_COMMON_BLOCKS = YES;
				GCC_WARN_64_TO_32_BIT_CONVERSION = YES;
				GCC_WARN_ABOUT_RETURN_TYPE = YES_ERROR;
				GCC_WARN_UNDECLARED_SELECTOR = YES;
				GCC_WARN_UNINITIALIZED_AUTOS = YES_AGGRESSIVE;
				GCC_WARN_UNUSED_FUNCTION = YES;
				GCC_WARN_UNUSED_VARIABLE = YES;
				IPHONEOS_DEPLOYMENT_TARGET = 12.0;
				MTL_ENABLE_DEBUG_INFO = NO;
				MTL_FAST_MATH = YES;
				SDKROOT = iphoneos;
				SWIFT_COMPILATION_MODE = wholemodule;
				SWIFT_OPTIMIZATION_LEVEL = "-O";
				VALIDATE_PRODUCT = YES;
			};
			name = Release;
		};
		3FEE169C21B90D28007AEDCF /* Debug */ = {
			isa = XCBuildConfiguration;
			buildSettings = {
				ASSETCATALOG_COMPILER_APPICON_NAME = AppIcon;
				CODE_SIGN_STYLE = Automatic;
				INFOPLIST_FILE = moreMVC1/Info.plist;
				LD_RUNPATH_SEARCH_PATHS = (
					"$(inherited)",
					"@executable_path/Frameworks",
				);
				PRODUCT_BUNDLE_IDENTIFIER = "-016110308.moreMVC1";
				PRODUCT_NAME = "$(TARGET_NAME)";
				SWIFT_VERSION = 4.2;
				TARGETED_DEVICE_FAMILY = "1,2";
			};
			name = Debug;
		};
		3FEE169D21B90D28007AEDCF /* Release */ = {
			isa = XCBuildConfiguration;
			buildSettings = {
				ASSETCATALOG_COMPILER_APPICON_NAME = AppIcon;
				CODE_SIGN_STYLE = Automatic;
				INFOPLIST_FILE = moreMVC1/Info.plist;
				LD_RUNPATH_SEARCH_PATHS = (
					"$(inherited)",
					"@executable_path/Frameworks",
				);
				PRODUCT_BUNDLE_IDENTIFIER = "-016110308.moreMVC1";
				PRODUCT_NAME = "$(TARGET_NAME)";
				SWIFT_VERSION = 4.2;
				TARGETED_DEVICE_FAMILY = "1,2";
			};
			name = Release;
		};
/* End XCBuildConfiguration section */

/* Begin XCConfigurationList section */
		3FEE168421B90D28007AEDCF /* Build configuration list for PBXProject "MoreMVC" */ = {
			isa = XCConfigurationList;
			buildConfigurations = (
				3FEE169921B90D28007AEDCF /* Debug */,
				3FEE169A21B90D28007AEDCF /* Release */,
			);
			defaultConfigurationIsVisible = 0;
			defaultConfigurationName = Release;
		};
		3FEE169B21B90D28007AEDCF /* Build configuration list for PBXNativeTarget "MoreMVC" */ = {
			isa = XCConfigurationList;
			buildConfigurations = (
				3FEE169C21B90D28007AEDCF /* Debug */,
				3FEE169D21B90D28007AEDCF /* Release */,
			);
			defaultConfigurationIsVisible = 0;
			defaultConfigurationName = Release;
		};
/* End XCConfigurationList section */
	};
	rootObject = 3FEE168121B90D28007AEDCF /* Project object */;
}
