// !$*UTF8*$!
{
	archiveVersion = 1;
	classes = {
	};
	objectVersion = 48;
	objects = {

/* Begin PBXBuildFile section */
		244039B52196A54E00F89E97 /* AppDelegate.swift in Sources */ = {isa = PBXBuildFile; fileRef = 244039B42196A54E00F89E97 /* AppDelegate.swift */; };
		244039B72196A54E00F89E97 /* ViewController.swift in Sources */ = {isa = PBXBuildFile; fileRef = 244039B62196A54E00F89E97 /* ViewController.swift */; };
		244039BA2196A54E00F89E97 /* Main.storyboard in Resources */ = {isa = PBXBuildFile; fileRef = 244039B82196A54E00F89E97 /* Main.storyboard */; };
		244039BC2196A54E00F89E97 /* Assets.xcassets in Resources */ = {isa = PBXBuildFile; fileRef = 244039BB2196A54E00F89E97 /* Assets.xcassets */; };
		244039BF2196A54E00F89E97 /* LaunchScreen.storyboard in Resources */ = {isa = PBXBuildFile; fileRef = 244039BD2196A54E00F89E97 /* LaunchScreen.storyboard */; };
		24631B362198112A00F04ACE /* Concentation.swift in Sources */ = {isa = PBXBuildFile; fileRef = 24631B352198112A00F04ACE /* Concentation.swift */; };
		24631B38219811DE00F04ACE /* Card.swift in Sources */ = {isa = PBXBuildFile; fileRef = 24631B37219811DE00F04ACE /* Card.swift */; };
/* End PBXBuildFile section */

/* Begin PBXFileReference section */
		244039B12196A54E00F89E97 /* seven.app */ = {isa = PBXFileReference; explicitFileType = wrapper.application; includeInIndex = 0; path = seven.app; sourceTree = BUILT_PRODUCTS_DIR; };
		244039B42196A54E00F89E97 /* AppDelegate.swift */ = {isa = PBXFileReference; lastKnownFileType = sourcecode.swift; path = AppDelegate.swift; sourceTree = "<group>"; };
		244039B62196A54E00F89E97 /* ViewController.swift */ = {isa = PBXFileReference; lastKnownFileType = sourcecode.swift; path = ViewController.swift; sourceTree = "<group>"; };
		244039B92196A54E00F89E97 /* Base */ = {isa = PBXFileReference; lastKnownFileType = file.storyboard; name = Base; path = Base.lproj/Main.storyboard; sourceTree = "<group>"; };
		244039BB2196A54E00F89E97 /* Assets.xcassets */ = {isa = PBXFileReference; lastKnownFileType = folder.assetcatalog; path = Assets.xcassets; sourceTree = "<group>"; };
		244039BE2196A54E00F89E97 /* Base */ = {isa = PBXFileReference; lastKnownFileType = file.storyboard; name = Base; path = Base.lproj/LaunchScreen.storyboard; sourceTree = "<group>"; };
		244039C02196A54E00F89E97 /* Info.plist */ = {isa = PBXFileReference; lastKnownFileType = text.plist.xml; path = Info.plist; sourceTree = "<group>"; };
		24631B352198112A00F04ACE /* Concentation.swift */ = {isa = PBXFileReference; lastKnownFileType = sourcecode.swift; path = Concentation.swift; sourceTree = "<group>"; };
		24631B37219811DE00F04ACE /* Card.swift */ = {isa = PBXFileReference; lastKnownFileType = sourcecode.swift; path = Card.swift; sourceTree = "<group>"; };
/* End PBXFileReference section */

/* Begin PBXFrameworksBuildPhase section */
		244039AE2196A54E00F89E97 /* Frameworks */ = {
			isa = PBXFrameworksBuildPhase;
			buildActionMask = 2147483647;
			files = (
			);
			runOnlyForDeploymentPostprocessing = 0;
		};
/* End PBXFrameworksBuildPhase section */

/* Begin PBXGroup section */
		244039A82196A54E00F89E97 = {
			isa = PBXGroup;
			children = (
				244039B32196A54E00F89E97 /* seven */,
				244039B22196A54E00F89E97 /* Products */,
			);
			sourceTree = "<group>";
		};
		244039B22196A54E00F89E97 /* Products */ = {
			isa = PBXGroup;
			children = (
				244039B12196A54E00F89E97 /* seven.app */,
			);
			name = Products;
			sourceTree = "<group>";
		};
		244039B32196A54E00F89E97 /* seven */ = {
			isa = PBXGroup;
			children = (
				244039B42196A54E00F89E97 /* AppDelegate.swift */,
				244039B62196A54E00F89E97 /* ViewController.swift */,
				244039B82196A54E00F89E97 /* Main.storyboard */,
				24631B352198112A00F04ACE /* Concentation.swift */,
				24631B37219811DE00F04ACE /* Card.swift */,
				244039BB2196A54E00F89E97 /* Assets.xcassets */,
				244039BD2196A54E00F89E97 /* LaunchScreen.storyboard */,
				244039C02196A54E00F89E97 /* Info.plist */,
			);
			path = seven;
			sourceTree = "<group>";
		};
/* End PBXGroup section */

/* Begin PBXNativeTarget section */
		244039B02196A54E00F89E97 /* seven */ = {
			isa = PBXNativeTarget;
			buildConfigurationList = 244039C32196A54E00F89E97 /* Build configuration list for PBXNativeTarget "seven" */;
			buildPhases = (
				244039AD2196A54E00F89E97 /* Sources */,
				244039AE2196A54E00F89E97 /* Frameworks */,
				244039AF2196A54E00F89E97 /* Resources */,
			);
			buildRules = (
			);
			dependencies = (
			);
			name = seven;
			productName = seven;
			productReference = 244039B12196A54E00F89E97 /* seven.app */;
			productType = "com.apple.product-type.application";
		};
/* End PBXNativeTarget section */

/* Begin PBXProject section */
		244039A92196A54E00F89E97 /* Project object */ = {
			isa = PBXProject;
			attributes = {
				LastSwiftUpdateCheck = 0920;
				LastUpgradeCheck = 0920;
				ORGANIZATIONNAME = 2016110349;
				TargetAttributes = {
					244039B02196A54E00F89E97 = {
						CreatedOnToolsVersion = 9.2;
						ProvisioningStyle = Automatic;
					};
				};
			};
			buildConfigurationList = 244039AC2196A54E00F89E97 /* Build configuration list for PBXProject "seven" */;
			compatibilityVersion = "Xcode 8.0";
			developmentRegion = en;
			hasScannedForEncodings = 0;
			knownRegions = (
				en,
				Base,
			);
			mainGroup = 244039A82196A54E00F89E97;
			productRefGroup = 244039B22196A54E00F89E97 /* Products */;
			projectDirPath = "";
			projectRoot = "";
			targets = (
				244039B02196A54E00F89E97 /* seven */,
			);
		};
/* End PBXProject section */

/* Begin PBXResourcesBuildPhase section */
		244039AF2196A54E00F89E97 /* Resources */ = {
			isa = PBXResourcesBuildPhase;
			buildActionMask = 2147483647;
			files = (
				244039BF2196A54E00F89E97 /* LaunchScreen.storyboard in Resources */,
				244039BC2196A54E00F89E97 /* Assets.xcassets in Resources */,
				244039BA2196A54E00F89E97 /* Main.storyboard in Resources */,
			);
			runOnlyForDeploymentPostprocessing = 0;
		};
/* End PBXResourcesBuildPhase section */

/* Begin PBXSourcesBuildPhase section */
		244039AD2196A54E00F89E97 /* Sources */ = {
			isa = PBXSourcesBuildPhase;
			buildActionMask = 2147483647;
			files = (
				24631B362198112A00F04ACE /* Concentation.swift in Sources */,
				244039B72196A54E00F89E97 /* ViewController.swift in Sources */,
				244039B52196A54E00F89E97 /* AppDelegate.swift in Sources */,
				24631B38219811DE00F04ACE /* Card.swift in Sources */,
			);
			runOnlyForDeploymentPostprocessing = 0;
		};
/* End PBXSourcesBuildPhase section */

/* Begin PBXVariantGroup section */
		244039B82196A54E00F89E97 /* Main.storyboard */ = {
			isa = PBXVariantGroup;
			children = (
				244039B92196A54E00F89E97 /* Base */,
			);
			name = Main.storyboard;
			sourceTree = "<group>";
		};
		244039BD2196A54E00F89E97 /* LaunchScreen.storyboard */ = {
			isa = PBXVariantGroup;
			children = (
				244039BE2196A54E00F89E97 /* Base */,
			);
			name = LaunchScreen.storyboard;
			sourceTree = "<group>";
		};
/* End PBXVariantGroup section */

/* Begin XCBuildConfiguration section */
		244039C12196A54E00F89E97 /* Debug */ = {
			isa = XCBuildConfiguration;
			buildSettings = {
				ALWAYS_SEARCH_USER_PATHS = NO;
				CLANG_ANALYZER_NONNULL = YES;
				CLANG_ANALYZER_NUMBER_OBJECT_CONVERSION = YES_AGGRESSIVE;
				CLANG_CXX_LANGUAGE_STANDARD = "gnu++14";
				CLANG_CXX_LIBRARY = "libc++";
				CLANG_ENABLE_MODULES = YES;
				CLANG_ENABLE_OBJC_ARC = YES;
				CLANG_WARN_BLOCK_CAPTURE_AUTORELEASING = YES;
				CLANG_WARN_BOOL_CONVERSION = YES;
				CLANG_WARN_COMMA = YES;
				CLANG_WARN_CONSTANT_CONVERSION = YES;
				CLANG_WARN_DIRECT_OBJC_ISA_USAGE = YES_ERROR;
				CLANG_WARN_DOCUMENTATION_COMMENTS = YES;
				CLANG_WARN_EMPTY_BODY = YES;
				CLANG_WARN_ENUM_CONVERSION = YES;
				CLANG_WARN_INFINITE_RECURSION = YES;
				CLANG_WARN_INT_CONVERSION = YES;
				CLANG_WARN_NON_LITERAL_NULL_CONVERSION = YES;
				CLANG_WARN_OBJC_LITERAL_CONVERSION = YES;
				CLANG_WARN_OBJC_ROOT_CLASS = YES_ERROR;
				CLANG_WARN_RANGE_LOOP_ANALYSIS = YES;
				CLANG_WARN_STRICT_PROTOTYPES = YES;
				CLANG_WARN_SUSPICIOUS_MOVE = YES;
				CLANG_WARN_UNGUARDED_AVAILABILITY = YES_AGGRESSIVE;
				CLANG_WARN_UNREACHABLE_CODE = YES;
				CLANG_WARN__DUPLICATE_METHOD_MATCH = YES;
				CODE_SIGN_IDENTITY = "iPhone Developer";
				COPY_PHASE_STRIP = NO;
				DEBUG_INFORMATION_FORMAT = dwarf;
				ENABLE_STRICT_OBJC_MSGSEND = YES;
				ENABLE_TESTABILITY = YES;
				GCC_C_LANGUAGE_STANDARD = gnu11;
				GCC_DYNAMIC_NO_PIC = NO;
				GCC_NO_COMMON_BLOCKS = YES;
				GCC_OPTIMIZATION_LEVEL = 0;
				GCC_PREPROCESSOR_DEFINITIONS = (
					"DEBUG=1",
					"$(inherited)",
				);
				GCC_WARN_64_TO_32_BIT_CONVERSION = YES;
				GCC_WARN_ABOUT_RETURN_TYPE = YES_ERROR;
				GCC_WARN_UNDECLARED_SELECTOR = YES;
				GCC_WARN_UNINITIALIZED_AUTOS = YES_AGGRESSIVE;
				GCC_WARN_UNUSED_FUNCTION = YES;
				GCC_WARN_UNUSED_VARIABLE = YES;
				IPHONEOS_DEPLOYMENT_TARGET = 11.2;
				MTL_ENABLE_DEBUG_INFO = YES;
				ONLY_ACTIVE_ARCH = YES;
				SDKROOT = iphoneos;
				SWIFT_ACTIVE_COMPILATION_CONDITIONS = DEBUG;
				SWIFT_OPTIMIZATION_LEVEL = "-Onone";
			};
			name = Debug;
		};
		244039C22196A54E00F89E97 /* Release */ = {
			isa = XCBuildConfiguration;
			buildSettings = {
				ALWAYS_SEARCH_USER_PATHS = NO;
				CLANG_ANALYZER_NONNULL = YES;
				CLANG_ANALYZER_NUMBER_OBJECT_CONVERSION = YES_AGGRESSIVE;
				CLANG_CXX_LANGUAGE_STANDARD = "gnu++14";
				CLANG_CXX_LIBRARY = "libc++";
				CLANG_ENABLE_MODULES = YES;
				CLANG_ENABLE_OBJC_ARC = YES;
				CLANG_WARN_BLOCK_CAPTURE_AUTORELEASING = YES;
				CLANG_WARN_BOOL_CONVERSION = YES;
				CLANG_WARN_COMMA = YES;
				CLANG_WARN_CONSTANT_CONVERSION = YES;
				CLANG_WARN_DIRECT_OBJC_ISA_USAGE = YES_ERROR;
				CLANG_WARN_DOCUMENTATION_COMMENTS = YES;
				CLANG_WARN_EMPTY_BODY = YES;
				CLANG_WARN_ENUM_CONVERSION = YES;
				CLANG_WARN_INFINITE_RECURSION = YES;
				CLANG_WARN_INT_CONVERSION = YES;
				CLANG_WARN_NON_LITERAL_NULL_CONVERSION = YES;
				CLANG_WARN_OBJC_LITERAL_CONVERSION = YES;
				CLANG_WARN_OBJC_ROOT_CLASS = YES_ERROR;
				CLANG_WARN_RANGE_LOOP_ANALYSIS = YES;
				CLANG_WARN_STRICT_PROTOTYPES = YES;
				CLANG_WARN_SUSPICIOUS_MOVE = YES;
				CLANG_WARN_UNGUARDED_AVAILABILITY = YES_AGGRESSIVE;
				CLANG_WARN_UNREACHABLE_CODE = YES;
				CLANG_WARN__DUPLICATE_METHOD_MATCH = YES;
				CODE_SIGN_IDENTITY = "iPhone Developer";
				COPY_PHASE_STRIP = NO;
				DEBUG_INFORMATION_FORMAT = "dwarf-with-dsym";
				ENABLE_NS_ASSERTIONS = NO;
				ENABLE_STRICT_OBJC_MSGSEND = YES;
				GCC_C_LANGUAGE_STANDARD = gnu11;
				GCC_NO_COMMON_BLOCKS = YES;
				GCC_WARN_64_TO_32_BIT_CONVERSION = YES;
				GCC_WARN_ABOUT_RETURN_TYPE = YES_ERROR;
				GCC_WARN_UNDECLARED_SELECTOR = YES;
				GCC_WARN_UNINITIALIZED_AUTOS = YES_AGGRESSIVE;
				GCC_WARN_UNUSED_FUNCTION = YES;
				GCC_WARN_UNUSED_VARIABLE = YES;
				IPHONEOS_DEPLOYMENT_TARGET = 11.2;
				MTL_ENABLE_DEBUG_INFO = NO;
				SDKROOT = iphoneos;
				SWIFT_OPTIMIZATION_LEVEL = "-Owholemodule";
				VALIDATE_PRODUCT = YES;
			};
			name = Release;
		};
		244039C42196A54E00F89E97 /* Debug */ = {
			isa = XCBuildConfiguration;
			buildSettings = {
				ASSETCATALOG_COMPILER_APPICON_NAME = AppIcon;
				CODE_SIGN_STYLE = Automatic;
				INFOPLIST_FILE = seven/Info.plist;
				LD_RUNPATH_SEARCH_PATHS = "$(inherited) @executable_path/Frameworks";
				PRODUCT_BUNDLE_IDENTIFIER = hdy.seven;
				PRODUCT_NAME = "$(TARGET_NAME)";
				SWIFT_VERSION = 4.0;
				TARGETED_DEVICE_FAMILY = "1,2";
			};
			name = Debug;
		};
		244039C52196A54E00F89E97 /* Release */ = {
			isa = XCBuildConfiguration;
			buildSettings = {
				ASSETCATALOG_COMPILER_APPICON_NAME = AppIcon;
				CODE_SIGN_STYLE = Automatic;
				INFOPLIST_FILE = seven/Info.plist;
				LD_RUNPATH_SEARCH_PATHS = "$(inherited) @executable_path/Frameworks";
				PRODUCT_BUNDLE_IDENTIFIER = hdy.seven;
				PRODUCT_NAME = "$(TARGET_NAME)";
				SWIFT_VERSION = 4.0;
				TARGETED_DEVICE_FAMILY = "1,2";
			};
			name = Release;
		};
/* End XCBuildConfiguration section */

/* Begin XCConfigurationList section */
		244039AC2196A54E00F89E97 /* Build configuration list for PBXProject "seven" */ = {
			isa = XCConfigurationList;
			buildConfigurations = (
				244039C12196A54E00F89E97 /* Debug */,
				244039C22196A54E00F89E97 /* Release */,
			);
			defaultConfigurationIsVisible = 0;
			defaultConfigurationName = Release;
		};
		244039C32196A54E00F89E97 /* Build configuration list for PBXNativeTarget "seven" */ = {
			isa = XCConfigurationList;
			buildConfigurations = (
				244039C42196A54E00F89E97 /* Debug */,
				244039C52196A54E00F89E97 /* Release */,
			);
			defaultConfigurationIsVisible = 0;
			defaultConfigurationName = Release;
		};
/* End XCConfigurationList section */
	};
	rootObject = 244039A92196A54E00F89E97 /* Project object */;
}
