// !$*UTF8*$!
{
	archiveVersion = 1;
	classes = {
	};
	objectVersion = 50;
	objects = {

/* Begin PBXBuildFile section */
		3F0AEECD219431A800801638 /* AppDelegate.swift in Sources */ = {isa = PBXBuildFile; fileRef = 3F0AEECC219431A800801638 /* AppDelegate.swift */; };
		3F0AEED4219431A900801638 /* Assets.xcassets in Resources */ = {isa = PBXBuildFile; fileRef = 3F0AEED3219431A900801638 /* Assets.xcassets */; };
		3F0AEED7219431A900801638 /* LaunchScreen.storyboard in Resources */ = {isa = PBXBuildFile; fileRef = 3F0AEED5219431A900801638 /* LaunchScreen.storyboard */; };
		3F0AEEE2219431A900801638 /* FifthWorkTests.swift in Sources */ = {isa = PBXBuildFile; fileRef = 3F0AEEE1219431A900801638 /* FifthWorkTests.swift */; };
		3F0AEEED219431A900801638 /* FifthWorkUITests.swift in Sources */ = {isa = PBXBuildFile; fileRef = 3F0AEEEC219431A900801638 /* FifthWorkUITests.swift */; };
		3F0AEEFB219431FE00801638 /* MyViewController.swift in Sources */ = {isa = PBXBuildFile; fileRef = 3F0AEEFA219431FE00801638 /* MyViewController.swift */; };
		3F0AEEFD2194328800801638 /* MyView.swift in Sources */ = {isa = PBXBuildFile; fileRef = 3F0AEEFC2194328800801638 /* MyView.swift */; };
		3FCBF47721C25C3B006BED65 /* 666.jpg in Resources */ = {isa = PBXBuildFile; fileRef = 3FCBF47621C25C3B006BED65 /* 666.jpg */; };
/* End PBXBuildFile section */

/* Begin PBXContainerItemProxy section */
		3F0AEEDE219431A900801638 /* PBXContainerItemProxy */ = {
			isa = PBXContainerItemProxy;
			containerPortal = 3F0AEEC1219431A800801638 /* Project object */;
			proxyType = 1;
			remoteGlobalIDString = 3F0AEEC8219431A800801638;
			remoteInfo = FifthWork;
		};
		3F0AEEE9219431A900801638 /* PBXContainerItemProxy */ = {
			isa = PBXContainerItemProxy;
			containerPortal = 3F0AEEC1219431A800801638 /* Project object */;
			proxyType = 1;
			remoteGlobalIDString = 3F0AEEC8219431A800801638;
			remoteInfo = FifthWork;
		};
/* End PBXContainerItemProxy section */

/* Begin PBXFileReference section */
		3F0AEEC9219431A800801638 /* FifthWork.app */ = {isa = PBXFileReference; explicitFileType = wrapper.application; includeInIndex = 0; path = FifthWork.app; sourceTree = BUILT_PRODUCTS_DIR; };
		3F0AEECC219431A800801638 /* AppDelegate.swift */ = {isa = PBXFileReference; lastKnownFileType = sourcecode.swift; path = AppDelegate.swift; sourceTree = "<group>"; };
		3F0AEED3219431A900801638 /* Assets.xcassets */ = {isa = PBXFileReference; lastKnownFileType = folder.assetcatalog; path = Assets.xcassets; sourceTree = "<group>"; };
		3F0AEED6219431A900801638 /* Base */ = {isa = PBXFileReference; lastKnownFileType = file.storyboard; name = Base; path = Base.lproj/LaunchScreen.storyboard; sourceTree = "<group>"; };
		3F0AEED8219431A900801638 /* Info.plist */ = {isa = PBXFileReference; lastKnownFileType = text.plist.xml; path = Info.plist; sourceTree = "<group>"; };
		3F0AEEDD219431A900801638 /* FifthWorkTests.xctest */ = {isa = PBXFileReference; explicitFileType = wrapper.cfbundle; includeInIndex = 0; path = FifthWorkTests.xctest; sourceTree = BUILT_PRODUCTS_DIR; };
		3F0AEEE1219431A900801638 /* FifthWorkTests.swift */ = {isa = PBXFileReference; lastKnownFileType = sourcecode.swift; path = FifthWorkTests.swift; sourceTree = "<group>"; };
		3F0AEEE3219431A900801638 /* Info.plist */ = {isa = PBXFileReference; lastKnownFileType = text.plist.xml; path = Info.plist; sourceTree = "<group>"; };
		3F0AEEE8219431A900801638 /* FifthWorkUITests.xctest */ = {isa = PBXFileReference; explicitFileType = wrapper.cfbundle; includeInIndex = 0; path = FifthWorkUITests.xctest; sourceTree = BUILT_PRODUCTS_DIR; };
		3F0AEEEC219431A900801638 /* FifthWorkUITests.swift */ = {isa = PBXFileReference; lastKnownFileType = sourcecode.swift; path = FifthWorkUITests.swift; sourceTree = "<group>"; };
		3F0AEEEE219431A900801638 /* Info.plist */ = {isa = PBXFileReference; lastKnownFileType = text.plist.xml; path = Info.plist; sourceTree = "<group>"; };
		3F0AEEFA219431FE00801638 /* MyViewController.swift */ = {isa = PBXFileReference; lastKnownFileType = sourcecode.swift; path = MyViewController.swift; sourceTree = "<group>"; };
		3F0AEEFC2194328800801638 /* MyView.swift */ = {isa = PBXFileReference; lastKnownFileType = sourcecode.swift; path = MyView.swift; sourceTree = "<group>"; };
		3FCBF47621C25C3B006BED65 /* 666.jpg */ = {isa = PBXFileReference; lastKnownFileType = image.jpeg; name = 666.jpg; path = ../../../../../Users/student/Desktop/666.jpg; sourceTree = "<group>"; };
/* End PBXFileReference section */

/* Begin PBXFrameworksBuildPhase section */
		3F0AEEC6219431A800801638 /* Frameworks */ = {
			isa = PBXFrameworksBuildPhase;
			buildActionMask = 2147483647;
			files = (
			);
			runOnlyForDeploymentPostprocessing = 0;
		};
		3F0AEEDA219431A900801638 /* Frameworks */ = {
			isa = PBXFrameworksBuildPhase;
			buildActionMask = 2147483647;
			files = (
			);
			runOnlyForDeploymentPostprocessing = 0;
		};
		3F0AEEE5219431A900801638 /* Frameworks */ = {
			isa = PBXFrameworksBuildPhase;
			buildActionMask = 2147483647;
			files = (
			);
			runOnlyForDeploymentPostprocessing = 0;
		};
/* End PBXFrameworksBuildPhase section */

/* Begin PBXGroup section */
		3F0AEEC0219431A800801638 = {
			isa = PBXGroup;
			children = (
				3F0AEECB219431A800801638 /* FifthWork */,
				3F0AEEE0219431A900801638 /* FifthWorkTests */,
				3F0AEEEB219431A900801638 /* FifthWorkUITests */,
				3F0AEECA219431A800801638 /* Products */,
			);
			sourceTree = "<group>";
		};
		3F0AEECA219431A800801638 /* Products */ = {
			isa = PBXGroup;
			children = (
				3F0AEEC9219431A800801638 /* FifthWork.app */,
				3F0AEEDD219431A900801638 /* FifthWorkTests.xctest */,
				3F0AEEE8219431A900801638 /* FifthWorkUITests.xctest */,
			);
			name = Products;
			sourceTree = "<group>";
		};
		3F0AEECB219431A800801638 /* FifthWork */ = {
			isa = PBXGroup;
			children = (
				3FCBF47621C25C3B006BED65 /* 666.jpg */,
				3F0AEECC219431A800801638 /* AppDelegate.swift */,
				3F0AEEFA219431FE00801638 /* MyViewController.swift */,
				3F0AEEFC2194328800801638 /* MyView.swift */,
				3F0AEED3219431A900801638 /* Assets.xcassets */,
				3FCBF47521C2593D006BED65 /* New Group */,
				3F0AEED8219431A900801638 /* Info.plist */,
			);
			path = FifthWork;
			sourceTree = "<group>";
		};
		3F0AEEE0219431A900801638 /* FifthWorkTests */ = {
			isa = PBXGroup;
			children = (
				3F0AEEE1219431A900801638 /* FifthWorkTests.swift */,
				3F0AEEE3219431A900801638 /* Info.plist */,
			);
			path = FifthWorkTests;
			sourceTree = "<group>";
		};
		3F0AEEEB219431A900801638 /* FifthWorkUITests */ = {
			isa = PBXGroup;
			children = (
				3F0AEEEC219431A900801638 /* FifthWorkUITests.swift */,
				3F0AEEEE219431A900801638 /* Info.plist */,
			);
			path = FifthWorkUITests;
			sourceTree = "<group>";
		};
		3FCBF47521C2593D006BED65 /* New Group */ = {
			isa = PBXGroup;
			children = (
				3F0AEED5219431A900801638 /* LaunchScreen.storyboard */,
			);
			path = "New Group";
			sourceTree = "<group>";
		};
/* End PBXGroup section */

/* Begin PBXNativeTarget section */
		3F0AEEC8219431A800801638 /* FifthWork */ = {
			isa = PBXNativeTarget;
			buildConfigurationList = 3F0AEEF1219431A900801638 /* Build configuration list for PBXNativeTarget "FifthWork" */;
			buildPhases = (
				3F0AEEC5219431A800801638 /* Sources */,
				3F0AEEC6219431A800801638 /* Frameworks */,
				3F0AEEC7219431A800801638 /* Resources */,
			);
			buildRules = (
			);
			dependencies = (
			);
			name = FifthWork;
			productName = FifthWork;
			productReference = 3F0AEEC9219431A800801638 /* FifthWork.app */;
			productType = "com.apple.product-type.application";
		};
		3F0AEEDC219431A900801638 /* FifthWorkTests */ = {
			isa = PBXNativeTarget;
			buildConfigurationList = 3F0AEEF4219431A900801638 /* Build configuration list for PBXNativeTarget "FifthWorkTests" */;
			buildPhases = (
				3F0AEED9219431A900801638 /* Sources */,
				3F0AEEDA219431A900801638 /* Frameworks */,
				3F0AEEDB219431A900801638 /* Resources */,
			);
			buildRules = (
			);
			dependencies = (
				3F0AEEDF219431A900801638 /* PBXTargetDependency */,
			);
			name = FifthWorkTests;
			productName = FifthWorkTests;
			productReference = 3F0AEEDD219431A900801638 /* FifthWorkTests.xctest */;
			productType = "com.apple.product-type.bundle.unit-test";
		};
		3F0AEEE7219431A900801638 /* FifthWorkUITests */ = {
			isa = PBXNativeTarget;
			buildConfigurationList = 3F0AEEF7219431A900801638 /* Build configuration list for PBXNativeTarget "FifthWorkUITests" */;
			buildPhases = (
				3F0AEEE4219431A900801638 /* Sources */,
				3F0AEEE5219431A900801638 /* Frameworks */,
				3F0AEEE6219431A900801638 /* Resources */,
			);
			buildRules = (
			);
			dependencies = (
				3F0AEEEA219431A900801638 /* PBXTargetDependency */,
			);
			name = FifthWorkUITests;
			productName = FifthWorkUITests;
			productReference = 3F0AEEE8219431A900801638 /* FifthWorkUITests.xctest */;
			productType = "com.apple.product-type.bundle.ui-testing";
		};
/* End PBXNativeTarget section */

/* Begin PBXProject section */
		3F0AEEC1219431A800801638 /* Project object */ = {
			isa = PBXProject;
			attributes = {
				LastSwiftUpdateCheck = 1000;
				LastUpgradeCheck = 1000;
				ORGANIZATIONNAME = myScrollView;
				TargetAttributes = {
					3F0AEEC8219431A800801638 = {
						CreatedOnToolsVersion = 10.0;
					};
					3F0AEEDC219431A900801638 = {
						CreatedOnToolsVersion = 10.0;
						TestTargetID = 3F0AEEC8219431A800801638;
					};
					3F0AEEE7219431A900801638 = {
						CreatedOnToolsVersion = 10.0;
						TestTargetID = 3F0AEEC8219431A800801638;
					};
				};
			};
			buildConfigurationList = 3F0AEEC4219431A800801638 /* Build configuration list for PBXProject "FifthWork" */;
			compatibilityVersion = "Xcode 9.3";
			developmentRegion = en;
			hasScannedForEncodings = 0;
			knownRegions = (
				en,
				Base,
			);
			mainGroup = 3F0AEEC0219431A800801638;
			productRefGroup = 3F0AEECA219431A800801638 /* Products */;
			projectDirPath = "";
			projectRoot = "";
			targets = (
				3F0AEEC8219431A800801638 /* FifthWork */,
				3F0AEEDC219431A900801638 /* FifthWorkTests */,
				3F0AEEE7219431A900801638 /* FifthWorkUITests */,
			);
		};
/* End PBXProject section */

/* Begin PBXResourcesBuildPhase section */
		3F0AEEC7219431A800801638 /* Resources */ = {
			isa = PBXResourcesBuildPhase;
			buildActionMask = 2147483647;
			files = (
				3FCBF47721C25C3B006BED65 /* 666.jpg in Resources */,
				3F0AEED7219431A900801638 /* LaunchScreen.storyboard in Resources */,
				3F0AEED4219431A900801638 /* Assets.xcassets in Resources */,
			);
			runOnlyForDeploymentPostprocessing = 0;
		};
		3F0AEEDB219431A900801638 /* Resources */ = {
			isa = PBXResourcesBuildPhase;
			buildActionMask = 2147483647;
			files = (
			);
			runOnlyForDeploymentPostprocessing = 0;
		};
		3F0AEEE6219431A900801638 /* Resources */ = {
			isa = PBXResourcesBuildPhase;
			buildActionMask = 2147483647;
			files = (
			);
			runOnlyForDeploymentPostprocessing = 0;
		};
/* End PBXResourcesBuildPhase section */

/* Begin PBXSourcesBuildPhase section */
		3F0AEEC5219431A800801638 /* Sources */ = {
			isa = PBXSourcesBuildPhase;
			buildActionMask = 2147483647;
			files = (
				3F0AEEFD2194328800801638 /* MyView.swift in Sources */,
				3F0AEEFB219431FE00801638 /* MyViewController.swift in Sources */,
				3F0AEECD219431A800801638 /* AppDelegate.swift in Sources */,
			);
			runOnlyForDeploymentPostprocessing = 0;
		};
		3F0AEED9219431A900801638 /* Sources */ = {
			isa = PBXSourcesBuildPhase;
			buildActionMask = 2147483647;
			files = (
				3F0AEEE2219431A900801638 /* FifthWorkTests.swift in Sources */,
			);
			runOnlyForDeploymentPostprocessing = 0;
		};
		3F0AEEE4219431A900801638 /* Sources */ = {
			isa = PBXSourcesBuildPhase;
			buildActionMask = 2147483647;
			files = (
				3F0AEEED219431A900801638 /* FifthWorkUITests.swift in Sources */,
			);
			runOnlyForDeploymentPostprocessing = 0;
		};
/* End PBXSourcesBuildPhase section */

/* Begin PBXTargetDependency section */
		3F0AEEDF219431A900801638 /* PBXTargetDependency */ = {
			isa = PBXTargetDependency;
			target = 3F0AEEC8219431A800801638 /* FifthWork */;
			targetProxy = 3F0AEEDE219431A900801638 /* PBXContainerItemProxy */;
		};
		3F0AEEEA219431A900801638 /* PBXTargetDependency */ = {
			isa = PBXTargetDependency;
			target = 3F0AEEC8219431A800801638 /* FifthWork */;
			targetProxy = 3F0AEEE9219431A900801638 /* PBXContainerItemProxy */;
		};
/* End PBXTargetDependency section */

/* Begin PBXVariantGroup section */
		3F0AEED5219431A900801638 /* LaunchScreen.storyboard */ = {
			isa = PBXVariantGroup;
			children = (
				3F0AEED6219431A900801638 /* Base */,
			);
			name = LaunchScreen.storyboard;
			sourceTree = "<group>";
		};
/* End PBXVariantGroup section */

/* Begin XCBuildConfiguration section */
		3F0AEEEF219431A900801638 /* Debug */ = {
			isa = XCBuildConfiguration;
			buildSettings = {
				ALWAYS_SEARCH_USER_PATHS = NO;
				CLANG_ANALYZER_NONNULL = YES;
				CLANG_ANALYZER_NUMBER_OBJECT_CONVERSION = YES_AGGRESSIVE;
				CLANG_CXX_LANGUAGE_STANDARD = "gnu++14";
				CLANG_CXX_LIBRARY = "libc++";
				CLANG_ENABLE_MODULES = YES;
				CLANG_ENABLE_OBJC_ARC = YES;
				CLANG_ENABLE_OBJC_WEAK = YES;
				CLANG_WARN_BLOCK_CAPTURE_AUTORELEASING = YES;
				CLANG_WARN_BOOL_CONVERSION = YES;
				CLANG_WARN_COMMA = YES;
				CLANG_WARN_CONSTANT_CONVERSION = YES;
				CLANG_WARN_DEPRECATED_OBJC_IMPLEMENTATIONS = YES;
				CLANG_WARN_DIRECT_OBJC_ISA_USAGE = YES_ERROR;
				CLANG_WARN_DOCUMENTATION_COMMENTS = YES;
				CLANG_WARN_EMPTY_BODY = YES;
				CLANG_WARN_ENUM_CONVERSION = YES;
				CLANG_WARN_INFINITE_RECURSION = YES;
				CLANG_WARN_INT_CONVERSION = YES;
				CLANG_WARN_NON_LITERAL_NULL_CONVERSION = YES;
				CLANG_WARN_OBJC_IMPLICIT_RETAIN_SELF = YES;
				CLANG_WARN_OBJC_LITERAL_CONVERSION = YES;
				CLANG_WARN_OBJC_ROOT_CLASS = YES_ERROR;
				CLANG_WARN_RANGE_LOOP_ANALYSIS = YES;
				CLANG_WARN_STRICT_PROTOTYPES = YES;
				CLANG_WARN_SUSPICIOUS_MOVE = YES;
				CLANG_WARN_UNGUARDED_AVAILABILITY = YES_AGGRESSIVE;
				CLANG_WARN_UNREACHABLE_CODE = YES;
				CLANG_WARN__DUPLICATE_METHOD_MATCH = YES;
				CODE_SIGN_IDENTITY = "iPhone Developer";
				COPY_PHASE_STRIP = NO;
				DEBUG_INFORMATION_FORMAT = dwarf;
				ENABLE_STRICT_OBJC_MSGSEND = YES;
				ENABLE_TESTABILITY = YES;
				GCC_C_LANGUAGE_STANDARD = gnu11;
				GCC_DYNAMIC_NO_PIC = NO;
				GCC_NO_COMMON_BLOCKS = YES;
				GCC_OPTIMIZATION_LEVEL = 0;
				GCC_PREPROCESSOR_DEFINITIONS = (
					"DEBUG=1",
					"$(inherited)",
				);
				GCC_WARN_64_TO_32_BIT_CONVERSION = YES;
				GCC_WARN_ABOUT_RETURN_TYPE = YES_ERROR;
				GCC_WARN_UNDECLARED_SELECTOR = YES;
				GCC_WARN_UNINITIALIZED_AUTOS = YES_AGGRESSIVE;
				GCC_WARN_UNUSED_FUNCTION = YES;
				GCC_WARN_UNUSED_VARIABLE = YES;
				IPHONEOS_DEPLOYMENT_TARGET = 12.0;
				MTL_ENABLE_DEBUG_INFO = INCLUDE_SOURCE;
				MTL_FAST_MATH = YES;
				ONLY_ACTIVE_ARCH = YES;
				SDKROOT = iphoneos;
				SWIFT_ACTIVE_COMPILATION_CONDITIONS = DEBUG;
				SWIFT_OPTIMIZATION_LEVEL = "-Onone";
			};
			name = Debug;
		};
		3F0AEEF0219431A900801638 /* Release */ = {
			isa = XCBuildConfiguration;
			buildSettings = {
				ALWAYS_SEARCH_USER_PATHS = NO;
				CLANG_ANALYZER_NONNULL = YES;
				CLANG_ANALYZER_NUMBER_OBJECT_CONVERSION = YES_AGGRESSIVE;
				CLANG_CXX_LANGUAGE_STANDARD = "gnu++14";
				CLANG_CXX_LIBRARY = "libc++";
				CLANG_ENABLE_MODULES = YES;
				CLANG_ENABLE_OBJC_ARC = YES;
				CLANG_ENABLE_OBJC_WEAK = YES;
				CLANG_WARN_BLOCK_CAPTURE_AUTORELEASING = YES;
				CLANG_WARN_BOOL_CONVERSION = YES;
				CLANG_WARN_COMMA = YES;
				CLANG_WARN_CONSTANT_CONVERSION = YES;
				CLANG_WARN_DEPRECATED_OBJC_IMPLEMENTATIONS = YES;
				CLANG_WARN_DIRECT_OBJC_ISA_USAGE = YES_ERROR;
				CLANG_WARN_DOCUMENTATION_COMMENTS = YES;
				CLANG_WARN_EMPTY_BODY = YES;
				CLANG_WARN_ENUM_CONVERSION = YES;
				CLANG_WARN_INFINITE_RECURSION = YES;
				CLANG_WARN_INT_CONVERSION = YES;
				CLANG_WARN_NON_LITERAL_NULL_CONVERSION = YES;
				CLANG_WARN_OBJC_IMPLICIT_RETAIN_SELF = YES;
				CLANG_WARN_OBJC_LITERAL_CONVERSION = YES;
				CLANG_WARN_OBJC_ROOT_CLASS = YES_ERROR;
				CLANG_WARN_RANGE_LOOP_ANALYSIS = YES;
				CLANG_WARN_STRICT_PROTOTYPES = YES;
				CLANG_WARN_SUSPICIOUS_MOVE = YES;
				CLANG_WARN_UNGUARDED_AVAILABILITY = YES_AGGRESSIVE;
				CLANG_WARN_UNREACHABLE_CODE = YES;
				CLANG_WARN__DUPLICATE_METHOD_MATCH = YES;
				CODE_SIGN_IDENTITY = "iPhone Developer";
				COPY_PHASE_STRIP = NO;
				DEBUG_INFORMATION_FORMAT = "dwarf-with-dsym";
				ENABLE_NS_ASSERTIONS = NO;
				ENABLE_STRICT_OBJC_MSGSEND = YES;
				GCC_C_LANGUAGE_STANDARD = gnu11;
				GCC_NO_COMMON_BLOCKS = YES;
				GCC_WARN_64_TO_32_BIT_CONVERSION = YES;
				GCC_WARN_ABOUT_RETURN_TYPE = YES_ERROR;
				GCC_WARN_UNDECLARED_SELECTOR = YES;
				GCC_WARN_UNINITIALIZED_AUTOS = YES_AGGRESSIVE;
				GCC_WARN_UNUSED_FUNCTION = YES;
				GCC_WARN_UNUSED_VARIABLE = YES;
				IPHONEOS_DEPLOYMENT_TARGET = 12.0;
				MTL_ENABLE_DEBUG_INFO = NO;
				MTL_FAST_MATH = YES;
				SDKROOT = iphoneos;
				SWIFT_COMPILATION_MODE = wholemodule;
				SWIFT_OPTIMIZATION_LEVEL = "-O";
				VALIDATE_PRODUCT = YES;
			};
			name = Release;
		};
		3F0AEEF2219431A900801638 /* Debug */ = {
			isa = XCBuildConfiguration;
			buildSettings = {
				ASSETCATALOG_COMPILER_APPICON_NAME = AppIcon;
				CODE_SIGN_STYLE = Automatic;
				INFOPLIST_FILE = FifthWork/Info.plist;
				LD_RUNPATH_SEARCH_PATHS = (
					"$(inherited)",
					"@executable_path/Frameworks",
				);
				PRODUCT_BUNDLE_IDENTIFIER = "-016110316.FifthWork";
				PRODUCT_NAME = "$(TARGET_NAME)";
				SWIFT_VERSION = 4.2;
				TARGETED_DEVICE_FAMILY = "1,2";
			};
			name = Debug;
		};
		3F0AEEF3219431A900801638 /* Release */ = {
			isa = XCBuildConfiguration;
			buildSettings = {
				ASSETCATALOG_COMPILER_APPICON_NAME = AppIcon;
				CODE_SIGN_STYLE = Automatic;
				INFOPLIST_FILE = FifthWork/Info.plist;
				LD_RUNPATH_SEARCH_PATHS = (
					"$(inherited)",
					"@executable_path/Frameworks",
				);
				PRODUCT_BUNDLE_IDENTIFIER = "-016110316.FifthWork";
				PRODUCT_NAME = "$(TARGET_NAME)";
				SWIFT_VERSION = 4.2;
				TARGETED_DEVICE_FAMILY = "1,2";
			};
			name = Release;
		};
		3F0AEEF5219431A900801638 /* Debug */ = {
			isa = XCBuildConfiguration;
			buildSettings = {
				ALWAYS_EMBED_SWIFT_STANDARD_LIBRARIES = YES;
				BUNDLE_LOADER = "$(TEST_HOST)";
				CODE_SIGN_STYLE = Automatic;
				INFOPLIST_FILE = FifthWorkTests/Info.plist;
				LD_RUNPATH_SEARCH_PATHS = (
					"$(inherited)",
					"@executable_path/Frameworks",
					"@loader_path/Frameworks",
				);
				PRODUCT_BUNDLE_IDENTIFIER = "-016110316.FifthWorkTests";
				PRODUCT_NAME = "$(TARGET_NAME)";
				SWIFT_VERSION = 4.2;
				TARGETED_DEVICE_FAMILY = "1,2";
				TEST_HOST = "$(BUILT_PRODUCTS_DIR)/FifthWork.app/FifthWork";
			};
			name = Debug;
		};
		3F0AEEF6219431A900801638 /* Release */ = {
			isa = XCBuildConfiguration;
			buildSettings = {
				ALWAYS_EMBED_SWIFT_STANDARD_LIBRARIES = YES;
				BUNDLE_LOADER = "$(TEST_HOST)";
				CODE_SIGN_STYLE = Automatic;
				INFOPLIST_FILE = FifthWorkTests/Info.plist;
				LD_RUNPATH_SEARCH_PATHS = (
					"$(inherited)",
					"@executable_path/Frameworks",
					"@loader_path/Frameworks",
				);
				PRODUCT_BUNDLE_IDENTIFIER = "-016110316.FifthWorkTests";
				PRODUCT_NAME = "$(TARGET_NAME)";
				SWIFT_VERSION = 4.2;
				TARGETED_DEVICE_FAMILY = "1,2";
				TEST_HOST = "$(BUILT_PRODUCTS_DIR)/FifthWork.app/FifthWork";
			};
			name = Release;
		};
		3F0AEEF8219431A900801638 /* Debug */ = {
			isa = XCBuildConfiguration;
			buildSettings = {
				ALWAYS_EMBED_SWIFT_STANDARD_LIBRARIES = YES;
				CODE_SIGN_STYLE = Automatic;
				INFOPLIST_FILE = FifthWorkUITests/Info.plist;
				LD_RUNPATH_SEARCH_PATHS = (
					"$(inherited)",
					"@executable_path/Frameworks",
					"@loader_path/Frameworks",
				);
				PRODUCT_BUNDLE_IDENTIFIER = "-016110316.FifthWorkUITests";
				PRODUCT_NAME = "$(TARGET_NAME)";
				SWIFT_VERSION = 4.2;
				TARGETED_DEVICE_FAMILY = "1,2";
				TEST_TARGET_NAME = FifthWork;
			};
			name = Debug;
		};
		3F0AEEF9219431A900801638 /* Release */ = {
			isa = XCBuildConfiguration;
			buildSettings = {
				ALWAYS_EMBED_SWIFT_STANDARD_LIBRARIES = YES;
				CODE_SIGN_STYLE = Automatic;
				INFOPLIST_FILE = FifthWorkUITests/Info.plist;
				LD_RUNPATH_SEARCH_PATHS = (
					"$(inherited)",
					"@executable_path/Frameworks",
					"@loader_path/Frameworks",
				);
				PRODUCT_BUNDLE_IDENTIFIER = "-016110316.FifthWorkUITests";
				PRODUCT_NAME = "$(TARGET_NAME)";
				SWIFT_VERSION = 4.2;
				TARGETED_DEVICE_FAMILY = "1,2";
				TEST_TARGET_NAME = FifthWork;
			};
			name = Release;
		};
/* End XCBuildConfiguration section */

/* Begin XCConfigurationList section */
		3F0AEEC4219431A800801638 /* Build configuration list for PBXProject "FifthWork" */ = {
			isa = XCConfigurationList;
			buildConfigurations = (
				3F0AEEEF219431A900801638 /* Debug */,
				3F0AEEF0219431A900801638 /* Release */,
			);
			defaultConfigurationIsVisible = 0;
			defaultConfigurationName = Release;
		};
		3F0AEEF1219431A900801638 /* Build configuration list for PBXNativeTarget "FifthWork" */ = {
			isa = XCConfigurationList;
			buildConfigurations = (
				3F0AEEF2219431A900801638 /* Debug */,
				3F0AEEF3219431A900801638 /* Release */,
			);
			defaultConfigurationIsVisible = 0;
			defaultConfigurationName = Release;
		};
		3F0AEEF4219431A900801638 /* Build configuration list for PBXNativeTarget "FifthWorkTests" */ = {
			isa = XCConfigurationList;
			buildConfigurations = (
				3F0AEEF5219431A900801638 /* Debug */,
				3F0AEEF6219431A900801638 /* Release */,
			);
			defaultConfigurationIsVisible = 0;
			defaultConfigurationName = Release;
		};
		3F0AEEF7219431A900801638 /* Build configuration list for PBXNativeTarget "FifthWorkUITests" */ = {
			isa = XCConfigurationList;
			buildConfigurations = (
				3F0AEEF8219431A900801638 /* Debug */,
				3F0AEEF9219431A900801638 /* Release */,
			);
			defaultConfigurationIsVisible = 0;
			defaultConfigurationName = Release;
		};
/* End XCConfigurationList section */
	};
	rootObject = 3F0AEEC1219431A800801638 /* Project object */;
}
