// !$*UTF8*$!
{
	archiveVersion = 1;
	classes = {
	};
	objectVersion = 50;
	objects = {

/* Begin PBXBuildFile section */
		3F9DC8492196BEBB007FB8DB /* AppDelegate.swift in Sources */ = {isa = PBXBuildFile; fileRef = 3F9DC8482196BEBB007FB8DB /* AppDelegate.swift */; };
		3F9DC84B2196BEBB007FB8DB /* ViewController.swift in Sources */ = {isa = PBXBuildFile; fileRef = 3F9DC84A2196BEBB007FB8DB /* ViewController.swift */; };
		3F9DC84E2196BEBB007FB8DB /* Main.storyboard in Resources */ = {isa = PBXBuildFile; fileRef = 3F9DC84C2196BEBB007FB8DB /* Main.storyboard */; };
		3F9DC8502196BEBC007FB8DB /* Assets.xcassets in Resources */ = {isa = PBXBuildFile; fileRef = 3F9DC84F2196BEBC007FB8DB /* Assets.xcassets */; };
		3F9DC8532196BEBC007FB8DB /* LaunchScreen.storyboard in Resources */ = {isa = PBXBuildFile; fileRef = 3F9DC8512196BEBC007FB8DB /* LaunchScreen.storyboard */; };
		3F9DC85E2196BEBC007FB8DB /* SixthWorkTests.swift in Sources */ = {isa = PBXBuildFile; fileRef = 3F9DC85D2196BEBC007FB8DB /* SixthWorkTests.swift */; };
		3F9DC8692196BEBC007FB8DB /* SixthWorkUITests.swift in Sources */ = {isa = PBXBuildFile; fileRef = 3F9DC8682196BEBC007FB8DB /* SixthWorkUITests.swift */; };
/* End PBXBuildFile section */

/* Begin PBXContainerItemProxy section */
		3F9DC85A2196BEBC007FB8DB /* PBXContainerItemProxy */ = {
			isa = PBXContainerItemProxy;
			containerPortal = 3F9DC83D2196BEBB007FB8DB /* Project object */;
			proxyType = 1;
			remoteGlobalIDString = 3F9DC8442196BEBB007FB8DB;
			remoteInfo = SixthWork;
		};
		3F9DC8652196BEBC007FB8DB /* PBXContainerItemProxy */ = {
			isa = PBXContainerItemProxy;
			containerPortal = 3F9DC83D2196BEBB007FB8DB /* Project object */;
			proxyType = 1;
			remoteGlobalIDString = 3F9DC8442196BEBB007FB8DB;
			remoteInfo = SixthWork;
		};
/* End PBXContainerItemProxy section */

/* Begin PBXFileReference section */
		3F9DC8452196BEBB007FB8DB /* SixthWork.app */ = {isa = PBXFileReference; explicitFileType = wrapper.application; includeInIndex = 0; path = SixthWork.app; sourceTree = BUILT_PRODUCTS_DIR; };
		3F9DC8482196BEBB007FB8DB /* AppDelegate.swift */ = {isa = PBXFileReference; lastKnownFileType = sourcecode.swift; path = AppDelegate.swift; sourceTree = "<group>"; };
		3F9DC84A2196BEBB007FB8DB /* ViewController.swift */ = {isa = PBXFileReference; lastKnownFileType = sourcecode.swift; path = ViewController.swift; sourceTree = "<group>"; };
		3F9DC84D2196BEBB007FB8DB /* Base */ = {isa = PBXFileReference; lastKnownFileType = file.storyboard; name = Base; path = Base.lproj/Main.storyboard; sourceTree = "<group>"; };
		3F9DC84F2196BEBC007FB8DB /* Assets.xcassets */ = {isa = PBXFileReference; lastKnownFileType = folder.assetcatalog; path = Assets.xcassets; sourceTree = "<group>"; };
		3F9DC8522196BEBC007FB8DB /* Base */ = {isa = PBXFileReference; lastKnownFileType = file.storyboard; name = Base; path = Base.lproj/LaunchScreen.storyboard; sourceTree = "<group>"; };
		3F9DC8542196BEBC007FB8DB /* Info.plist */ = {isa = PBXFileReference; lastKnownFileType = text.plist.xml; path = Info.plist; sourceTree = "<group>"; };
		3F9DC8592196BEBC007FB8DB /* SixthWorkTests.xctest */ = {isa = PBXFileReference; explicitFileType = wrapper.cfbundle; includeInIndex = 0; path = SixthWorkTests.xctest; sourceTree = BUILT_PRODUCTS_DIR; };
		3F9DC85D2196BEBC007FB8DB /* SixthWorkTests.swift */ = {isa = PBXFileReference; lastKnownFileType = sourcecode.swift; path = SixthWorkTests.swift; sourceTree = "<group>"; };
		3F9DC85F2196BEBC007FB8DB /* Info.plist */ = {isa = PBXFileReference; lastKnownFileType = text.plist.xml; path = Info.plist; sourceTree = "<group>"; };
		3F9DC8642196BEBC007FB8DB /* SixthWorkUITests.xctest */ = {isa = PBXFileReference; explicitFileType = wrapper.cfbundle; includeInIndex = 0; path = SixthWorkUITests.xctest; sourceTree = BUILT_PRODUCTS_DIR; };
		3F9DC8682196BEBC007FB8DB /* SixthWorkUITests.swift */ = {isa = PBXFileReference; lastKnownFileType = sourcecode.swift; path = SixthWorkUITests.swift; sourceTree = "<group>"; };
		3F9DC86A2196BEBC007FB8DB /* Info.plist */ = {isa = PBXFileReference; lastKnownFileType = text.plist.xml; path = Info.plist; sourceTree = "<group>"; };
/* End PBXFileReference section */

/* Begin PBXFrameworksBuildPhase section */
		3F9DC8422196BEBB007FB8DB /* Frameworks */ = {
			isa = PBXFrameworksBuildPhase;
			buildActionMask = 2147483647;
			files = (
			);
			runOnlyForDeploymentPostprocessing = 0;
		};
		3F9DC8562196BEBC007FB8DB /* Frameworks */ = {
			isa = PBXFrameworksBuildPhase;
			buildActionMask = 2147483647;
			files = (
			);
			runOnlyForDeploymentPostprocessing = 0;
		};
		3F9DC8612196BEBC007FB8DB /* Frameworks */ = {
			isa = PBXFrameworksBuildPhase;
			buildActionMask = 2147483647;
			files = (
			);
			runOnlyForDeploymentPostprocessing = 0;
		};
/* End PBXFrameworksBuildPhase section */

/* Begin PBXGroup section */
		3F9DC83C2196BEBB007FB8DB = {
			isa = PBXGroup;
			children = (
				3F9DC8472196BEBB007FB8DB /* SixthWork */,
				3F9DC85C2196BEBC007FB8DB /* SixthWorkTests */,
				3F9DC8672196BEBC007FB8DB /* SixthWorkUITests */,
				3F9DC8462196BEBB007FB8DB /* Products */,
			);
			sourceTree = "<group>";
		};
		3F9DC8462196BEBB007FB8DB /* Products */ = {
			isa = PBXGroup;
			children = (
				3F9DC8452196BEBB007FB8DB /* SixthWork.app */,
				3F9DC8592196BEBC007FB8DB /* SixthWorkTests.xctest */,
				3F9DC8642196BEBC007FB8DB /* SixthWorkUITests.xctest */,
			);
			name = Products;
			sourceTree = "<group>";
		};
		3F9DC8472196BEBB007FB8DB /* SixthWork */ = {
			isa = PBXGroup;
			children = (
				3F9DC8482196BEBB007FB8DB /* AppDelegate.swift */,
				3F9DC84A2196BEBB007FB8DB /* ViewController.swift */,
				3F9DC84C2196BEBB007FB8DB /* Main.storyboard */,
				3F9DC84F2196BEBC007FB8DB /* Assets.xcassets */,
				3F9DC8512196BEBC007FB8DB /* LaunchScreen.storyboard */,
				3F9DC8542196BEBC007FB8DB /* Info.plist */,
			);
			path = SixthWork;
			sourceTree = "<group>";
		};
		3F9DC85C2196BEBC007FB8DB /* SixthWorkTests */ = {
			isa = PBXGroup;
			children = (
				3F9DC85D2196BEBC007FB8DB /* SixthWorkTests.swift */,
				3F9DC85F2196BEBC007FB8DB /* Info.plist */,
			);
			path = SixthWorkTests;
			sourceTree = "<group>";
		};
		3F9DC8672196BEBC007FB8DB /* SixthWorkUITests */ = {
			isa = PBXGroup;
			children = (
				3F9DC8682196BEBC007FB8DB /* SixthWorkUITests.swift */,
				3F9DC86A2196BEBC007FB8DB /* Info.plist */,
			);
			path = SixthWorkUITests;
			sourceTree = "<group>";
		};
/* End PBXGroup section */

/* Begin PBXNativeTarget section */
		3F9DC8442196BEBB007FB8DB /* SixthWork */ = {
			isa = PBXNativeTarget;
			buildConfigurationList = 3F9DC86D2196BEBC007FB8DB /* Build configuration list for PBXNativeTarget "SixthWork" */;
			buildPhases = (
				3F9DC8412196BEBB007FB8DB /* Sources */,
				3F9DC8422196BEBB007FB8DB /* Frameworks */,
				3F9DC8432196BEBB007FB8DB /* Resources */,
			);
			buildRules = (
			);
			dependencies = (
			);
			name = SixthWork;
			productName = SixthWork;
			productReference = 3F9DC8452196BEBB007FB8DB /* SixthWork.app */;
			productType = "com.apple.product-type.application";
		};
		3F9DC8582196BEBC007FB8DB /* SixthWorkTests */ = {
			isa = PBXNativeTarget;
			buildConfigurationList = 3F9DC8702196BEBC007FB8DB /* Build configuration list for PBXNativeTarget "SixthWorkTests" */;
			buildPhases = (
				3F9DC8552196BEBC007FB8DB /* Sources */,
				3F9DC8562196BEBC007FB8DB /* Frameworks */,
				3F9DC8572196BEBC007FB8DB /* Resources */,
			);
			buildRules = (
			);
			dependencies = (
				3F9DC85B2196BEBC007FB8DB /* PBXTargetDependency */,
			);
			name = SixthWorkTests;
			productName = SixthWorkTests;
			productReference = 3F9DC8592196BEBC007FB8DB /* SixthWorkTests.xctest */;
			productType = "com.apple.product-type.bundle.unit-test";
		};
		3F9DC8632196BEBC007FB8DB /* SixthWorkUITests */ = {
			isa = PBXNativeTarget;
			buildConfigurationList = 3F9DC8732196BEBC007FB8DB /* Build configuration list for PBXNativeTarget "SixthWorkUITests" */;
			buildPhases = (
				3F9DC8602196BEBC007FB8DB /* Sources */,
				3F9DC8612196BEBC007FB8DB /* Frameworks */,
				3F9DC8622196BEBC007FB8DB /* Resources */,
			);
			buildRules = (
			);
			dependencies = (
				3F9DC8662196BEBC007FB8DB /* PBXTargetDependency */,
			);
			name = SixthWorkUITests;
			productName = SixthWorkUITests;
			productReference = 3F9DC8642196BEBC007FB8DB /* SixthWorkUITests.xctest */;
			productType = "com.apple.product-type.bundle.ui-testing";
		};
/* End PBXNativeTarget section */

/* Begin PBXProject section */
		3F9DC83D2196BEBB007FB8DB /* Project object */ = {
			isa = PBXProject;
			attributes = {
				LastSwiftUpdateCheck = 1000;
				LastUpgradeCheck = 1000;
				ORGANIZATIONNAME = myScrollView;
				TargetAttributes = {
					3F9DC8442196BEBB007FB8DB = {
						CreatedOnToolsVersion = 10.0;
					};
					3F9DC8582196BEBC007FB8DB = {
						CreatedOnToolsVersion = 10.0;
						TestTargetID = 3F9DC8442196BEBB007FB8DB;
					};
					3F9DC8632196BEBC007FB8DB = {
						CreatedOnToolsVersion = 10.0;
						TestTargetID = 3F9DC8442196BEBB007FB8DB;
					};
				};
			};
			buildConfigurationList = 3F9DC8402196BEBB007FB8DB /* Build configuration list for PBXProject "SixthWork" */;
			compatibilityVersion = "Xcode 9.3";
			developmentRegion = en;
			hasScannedForEncodings = 0;
			knownRegions = (
				en,
				Base,
			);
			mainGroup = 3F9DC83C2196BEBB007FB8DB;
			productRefGroup = 3F9DC8462196BEBB007FB8DB /* Products */;
			projectDirPath = "";
			projectRoot = "";
			targets = (
				3F9DC8442196BEBB007FB8DB /* SixthWork */,
				3F9DC8582196BEBC007FB8DB /* SixthWorkTests */,
				3F9DC8632196BEBC007FB8DB /* SixthWorkUITests */,
			);
		};
/* End PBXProject section */

/* Begin PBXResourcesBuildPhase section */
		3F9DC8432196BEBB007FB8DB /* Resources */ = {
			isa = PBXResourcesBuildPhase;
			buildActionMask = 2147483647;
			files = (
				3F9DC8532196BEBC007FB8DB /* LaunchScreen.storyboard in Resources */,
				3F9DC8502196BEBC007FB8DB /* Assets.xcassets in Resources */,
				3F9DC84E2196BEBB007FB8DB /* Main.storyboard in Resources */,
			);
			runOnlyForDeploymentPostprocessing = 0;
		};
		3F9DC8572196BEBC007FB8DB /* Resources */ = {
			isa = PBXResourcesBuildPhase;
			buildActionMask = 2147483647;
			files = (
			);
			runOnlyForDeploymentPostprocessing = 0;
		};
		3F9DC8622196BEBC007FB8DB /* Resources */ = {
			isa = PBXResourcesBuildPhase;
			buildActionMask = 2147483647;
			files = (
			);
			runOnlyForDeploymentPostprocessing = 0;
		};
/* End PBXResourcesBuildPhase section */

/* Begin PBXSourcesBuildPhase section */
		3F9DC8412196BEBB007FB8DB /* Sources */ = {
			isa = PBXSourcesBuildPhase;
			buildActionMask = 2147483647;
			files = (
				3F9DC84B2196BEBB007FB8DB /* ViewController.swift in Sources */,
				3F9DC8492196BEBB007FB8DB /* AppDelegate.swift in Sources */,
			);
			runOnlyForDeploymentPostprocessing = 0;
		};
		3F9DC8552196BEBC007FB8DB /* Sources */ = {
			isa = PBXSourcesBuildPhase;
			buildActionMask = 2147483647;
			files = (
				3F9DC85E2196BEBC007FB8DB /* SixthWorkTests.swift in Sources */,
			);
			runOnlyForDeploymentPostprocessing = 0;
		};
		3F9DC8602196BEBC007FB8DB /* Sources */ = {
			isa = PBXSourcesBuildPhase;
			buildActionMask = 2147483647;
			files = (
				3F9DC8692196BEBC007FB8DB /* SixthWorkUITests.swift in Sources */,
			);
			runOnlyForDeploymentPostprocessing = 0;
		};
/* End PBXSourcesBuildPhase section */

/* Begin PBXTargetDependency section */
		3F9DC85B2196BEBC007FB8DB /* PBXTargetDependency */ = {
			isa = PBXTargetDependency;
			target = 3F9DC8442196BEBB007FB8DB /* SixthWork */;
			targetProxy = 3F9DC85A2196BEBC007FB8DB /* PBXContainerItemProxy */;
		};
		3F9DC8662196BEBC007FB8DB /* PBXTargetDependency */ = {
			isa = PBXTargetDependency;
			target = 3F9DC8442196BEBB007FB8DB /* SixthWork */;
			targetProxy = 3F9DC8652196BEBC007FB8DB /* PBXContainerItemProxy */;
		};
/* End PBXTargetDependency section */

/* Begin PBXVariantGroup section */
		3F9DC84C2196BEBB007FB8DB /* Main.storyboard */ = {
			isa = PBXVariantGroup;
			children = (
				3F9DC84D2196BEBB007FB8DB /* Base */,
			);
			name = Main.storyboard;
			sourceTree = "<group>";
		};
		3F9DC8512196BEBC007FB8DB /* LaunchScreen.storyboard */ = {
			isa = PBXVariantGroup;
			children = (
				3F9DC8522196BEBC007FB8DB /* Base */,
			);
			name = LaunchScreen.storyboard;
			sourceTree = "<group>";
		};
/* End PBXVariantGroup section */

/* Begin XCBuildConfiguration section */
		3F9DC86B2196BEBC007FB8DB /* Debug */ = {
			isa = XCBuildConfiguration;
			buildSettings = {
				ALWAYS_SEARCH_USER_PATHS = NO;
				CLANG_ANALYZER_NONNULL = YES;
				CLANG_ANALYZER_NUMBER_OBJECT_CONVERSION = YES_AGGRESSIVE;
				CLANG_CXX_LANGUAGE_STANDARD = "gnu++14";
				CLANG_CXX_LIBRARY = "libc++";
				CLANG_ENABLE_MODULES = YES;
				CLANG_ENABLE_OBJC_ARC = YES;
				CLANG_ENABLE_OBJC_WEAK = YES;
				CLANG_WARN_BLOCK_CAPTURE_AUTORELEASING = YES;
				CLANG_WARN_BOOL_CONVERSION = YES;
				CLANG_WARN_COMMA = YES;
				CLANG_WARN_CONSTANT_CONVERSION = YES;
				CLANG_WARN_DEPRECATED_OBJC_IMPLEMENTATIONS = YES;
				CLANG_WARN_DIRECT_OBJC_ISA_USAGE = YES_ERROR;
				CLANG_WARN_DOCUMENTATION_COMMENTS = YES;
				CLANG_WARN_EMPTY_BODY = YES;
				CLANG_WARN_ENUM_CONVERSION = YES;
				CLANG_WARN_INFINITE_RECURSION = YES;
				CLANG_WARN_INT_CONVERSION = YES;
				CLANG_WARN_NON_LITERAL_NULL_CONVERSION = YES;
				CLANG_WARN_OBJC_IMPLICIT_RETAIN_SELF = YES;
				CLANG_WARN_OBJC_LITERAL_CONVERSION = YES;
				CLANG_WARN_OBJC_ROOT_CLASS = YES_ERROR;
				CLANG_WARN_RANGE_LOOP_ANALYSIS = YES;
				CLANG_WARN_STRICT_PROTOTYPES = YES;
				CLANG_WARN_SUSPICIOUS_MOVE = YES;
				CLANG_WARN_UNGUARDED_AVAILABILITY = YES_AGGRESSIVE;
				CLANG_WARN_UNREACHABLE_CODE = YES;
				CLANG_WARN__DUPLICATE_METHOD_MATCH = YES;
				CODE_SIGN_IDENTITY = "iPhone Developer";
				COPY_PHASE_STRIP = NO;
				DEBUG_INFORMATION_FORMAT = dwarf;
				ENABLE_STRICT_OBJC_MSGSEND = YES;
				ENABLE_TESTABILITY = YES;
				GCC_C_LANGUAGE_STANDARD = gnu11;
				GCC_DYNAMIC_NO_PIC = NO;
				GCC_NO_COMMON_BLOCKS = YES;
				GCC_OPTIMIZATION_LEVEL = 0;
				GCC_PREPROCESSOR_DEFINITIONS = (
					"DEBUG=1",
					"$(inherited)",
				);
				GCC_WARN_64_TO_32_BIT_CONVERSION = YES;
				GCC_WARN_ABOUT_RETURN_TYPE = YES_ERROR;
				GCC_WARN_UNDECLARED_SELECTOR = YES;
				GCC_WARN_UNINITIALIZED_AUTOS = YES_AGGRESSIVE;
				GCC_WARN_UNUSED_FUNCTION = YES;
				GCC_WARN_UNUSED_VARIABLE = YES;
				IPHONEOS_DEPLOYMENT_TARGET = 12.0;
				MTL_ENABLE_DEBUG_INFO = INCLUDE_SOURCE;
				MTL_FAST_MATH = YES;
				ONLY_ACTIVE_ARCH = YES;
				SDKROOT = iphoneos;
				SWIFT_ACTIVE_COMPILATION_CONDITIONS = DEBUG;
				SWIFT_OPTIMIZATION_LEVEL = "-Onone";
			};
			name = Debug;
		};
		3F9DC86C2196BEBC007FB8DB /* Release */ = {
			isa = XCBuildConfiguration;
			buildSettings = {
				ALWAYS_SEARCH_USER_PATHS = NO;
				CLANG_ANALYZER_NONNULL = YES;
				CLANG_ANALYZER_NUMBER_OBJECT_CONVERSION = YES_AGGRESSIVE;
				CLANG_CXX_LANGUAGE_STANDARD = "gnu++14";
				CLANG_CXX_LIBRARY = "libc++";
				CLANG_ENABLE_MODULES = YES;
				CLANG_ENABLE_OBJC_ARC = YES;
				CLANG_ENABLE_OBJC_WEAK = YES;
				CLANG_WARN_BLOCK_CAPTURE_AUTORELEASING = YES;
				CLANG_WARN_BOOL_CONVERSION = YES;
				CLANG_WARN_COMMA = YES;
				CLANG_WARN_CONSTANT_CONVERSION = YES;
				CLANG_WARN_DEPRECATED_OBJC_IMPLEMENTATIONS = YES;
				CLANG_WARN_DIRECT_OBJC_ISA_USAGE = YES_ERROR;
				CLANG_WARN_DOCUMENTATION_COMMENTS = YES;
				CLANG_WARN_EMPTY_BODY = YES;
				CLANG_WARN_ENUM_CONVERSION = YES;
				CLANG_WARN_INFINITE_RECURSION = YES;
				CLANG_WARN_INT_CONVERSION = YES;
				CLANG_WARN_NON_LITERAL_NULL_CONVERSION = YES;
				CLANG_WARN_OBJC_IMPLICIT_RETAIN_SELF = YES;
				CLANG_WARN_OBJC_LITERAL_CONVERSION = YES;
				CLANG_WARN_OBJC_ROOT_CLASS = YES_ERROR;
				CLANG_WARN_RANGE_LOOP_ANALYSIS = YES;
				CLANG_WARN_STRICT_PROTOTYPES = YES;
				CLANG_WARN_SUSPICIOUS_MOVE = YES;
				CLANG_WARN_UNGUARDED_AVAILABILITY = YES_AGGRESSIVE;
				CLANG_WARN_UNREACHABLE_CODE = YES;
				CLANG_WARN__DUPLICATE_METHOD_MATCH = YES;
				CODE_SIGN_IDENTITY = "iPhone Developer";
				COPY_PHASE_STRIP = NO;
				DEBUG_INFORMATION_FORMAT = "dwarf-with-dsym";
				ENABLE_NS_ASSERTIONS = NO;
				ENABLE_STRICT_OBJC_MSGSEND = YES;
				GCC_C_LANGUAGE_STANDARD = gnu11;
				GCC_NO_COMMON_BLOCKS = YES;
				GCC_WARN_64_TO_32_BIT_CONVERSION = YES;
				GCC_WARN_ABOUT_RETURN_TYPE = YES_ERROR;
				GCC_WARN_UNDECLARED_SELECTOR = YES;
				GCC_WARN_UNINITIALIZED_AUTOS = YES_AGGRESSIVE;
				GCC_WARN_UNUSED_FUNCTION = YES;
				GCC_WARN_UNUSED_VARIABLE = YES;
				IPHONEOS_DEPLOYMENT_TARGET = 12.0;
				MTL_ENABLE_DEBUG_INFO = NO;
				MTL_FAST_MATH = YES;
				SDKROOT = iphoneos;
				SWIFT_COMPILATION_MODE = wholemodule;
				SWIFT_OPTIMIZATION_LEVEL = "-O";
				VALIDATE_PRODUCT = YES;
			};
			name = Release;
		};
		3F9DC86E2196BEBC007FB8DB /* Debug */ = {
			isa = XCBuildConfiguration;
			buildSettings = {
				ASSETCATALOG_COMPILER_APPICON_NAME = AppIcon;
				CODE_SIGN_STYLE = Automatic;
				INFOPLIST_FILE = SixthWork/Info.plist;
				LD_RUNPATH_SEARCH_PATHS = (
					"$(inherited)",
					"@executable_path/Frameworks",
				);
				PRODUCT_BUNDLE_IDENTIFIER = "-016110316.SixthWork";
				PRODUCT_NAME = "$(TARGET_NAME)";
				SWIFT_VERSION = 4.2;
				TARGETED_DEVICE_FAMILY = "1,2";
			};
			name = Debug;
		};
		3F9DC86F2196BEBC007FB8DB /* Release */ = {
			isa = XCBuildConfiguration;
			buildSettings = {
				ASSETCATALOG_COMPILER_APPICON_NAME = AppIcon;
				CODE_SIGN_STYLE = Automatic;
				INFOPLIST_FILE = SixthWork/Info.plist;
				LD_RUNPATH_SEARCH_PATHS = (
					"$(inherited)",
					"@executable_path/Frameworks",
				);
				PRODUCT_BUNDLE_IDENTIFIER = "-016110316.SixthWork";
				PRODUCT_NAME = "$(TARGET_NAME)";
				SWIFT_VERSION = 4.2;
				TARGETED_DEVICE_FAMILY = "1,2";
			};
			name = Release;
		};
		3F9DC8712196BEBC007FB8DB /* Debug */ = {
			isa = XCBuildConfiguration;
			buildSettings = {
				ALWAYS_EMBED_SWIFT_STANDARD_LIBRARIES = YES;
				BUNDLE_LOADER = "$(TEST_HOST)";
				CODE_SIGN_STYLE = Automatic;
				INFOPLIST_FILE = SixthWorkTests/Info.plist;
				LD_RUNPATH_SEARCH_PATHS = (
					"$(inherited)",
					"@executable_path/Frameworks",
					"@loader_path/Frameworks",
				);
				PRODUCT_BUNDLE_IDENTIFIER = "-016110316.SixthWorkTests";
				PRODUCT_NAME = "$(TARGET_NAME)";
				SWIFT_VERSION = 4.2;
				TARGETED_DEVICE_FAMILY = "1,2";
				TEST_HOST = "$(BUILT_PRODUCTS_DIR)/SixthWork.app/SixthWork";
			};
			name = Debug;
		};
		3F9DC8722196BEBC007FB8DB /* Release */ = {
			isa = XCBuildConfiguration;
			buildSettings = {
				ALWAYS_EMBED_SWIFT_STANDARD_LIBRARIES = YES;
				BUNDLE_LOADER = "$(TEST_HOST)";
				CODE_SIGN_STYLE = Automatic;
				INFOPLIST_FILE = SixthWorkTests/Info.plist;
				LD_RUNPATH_SEARCH_PATHS = (
					"$(inherited)",
					"@executable_path/Frameworks",
					"@loader_path/Frameworks",
				);
				PRODUCT_BUNDLE_IDENTIFIER = "-016110316.SixthWorkTests";
				PRODUCT_NAME = "$(TARGET_NAME)";
				SWIFT_VERSION = 4.2;
				TARGETED_DEVICE_FAMILY = "1,2";
				TEST_HOST = "$(BUILT_PRODUCTS_DIR)/SixthWork.app/SixthWork";
			};
			name = Release;
		};
		3F9DC8742196BEBC007FB8DB /* Debug */ = {
			isa = XCBuildConfiguration;
			buildSettings = {
				ALWAYS_EMBED_SWIFT_STANDARD_LIBRARIES = YES;
				CODE_SIGN_STYLE = Automatic;
				INFOPLIST_FILE = SixthWorkUITests/Info.plist;
				LD_RUNPATH_SEARCH_PATHS = (
					"$(inherited)",
					"@executable_path/Frameworks",
					"@loader_path/Frameworks",
				);
				PRODUCT_BUNDLE_IDENTIFIER = "-016110316.SixthWorkUITests";
				PRODUCT_NAME = "$(TARGET_NAME)";
				SWIFT_VERSION = 4.2;
				TARGETED_DEVICE_FAMILY = "1,2";
				TEST_TARGET_NAME = SixthWork;
			};
			name = Debug;
		};
		3F9DC8752196BEBC007FB8DB /* Release */ = {
			isa = XCBuildConfiguration;
			buildSettings = {
				ALWAYS_EMBED_SWIFT_STANDARD_LIBRARIES = YES;
				CODE_SIGN_STYLE = Automatic;
				INFOPLIST_FILE = SixthWorkUITests/Info.plist;
				LD_RUNPATH_SEARCH_PATHS = (
					"$(inherited)",
					"@executable_path/Frameworks",
					"@loader_path/Frameworks",
				);
				PRODUCT_BUNDLE_IDENTIFIER = "-016110316.SixthWorkUITests";
				PRODUCT_NAME = "$(TARGET_NAME)";
				SWIFT_VERSION = 4.2;
				TARGETED_DEVICE_FAMILY = "1,2";
				TEST_TARGET_NAME = SixthWork;
			};
			name = Release;
		};
/* End XCBuildConfiguration section */

/* Begin XCConfigurationList section */
		3F9DC8402196BEBB007FB8DB /* Build configuration list for PBXProject "SixthWork" */ = {
			isa = XCConfigurationList;
			buildConfigurations = (
				3F9DC86B2196BEBC007FB8DB /* Debug */,
				3F9DC86C2196BEBC007FB8DB /* Release */,
			);
			defaultConfigurationIsVisible = 0;
			defaultConfigurationName = Release;
		};
		3F9DC86D2196BEBC007FB8DB /* Build configuration list for PBXNativeTarget "SixthWork" */ = {
			isa = XCConfigurationList;
			buildConfigurations = (
				3F9DC86E2196BEBC007FB8DB /* Debug */,
				3F9DC86F2196BEBC007FB8DB /* Release */,
			);
			defaultConfigurationIsVisible = 0;
			defaultConfigurationName = Release;
		};
		3F9DC8702196BEBC007FB8DB /* Build configuration list for PBXNativeTarget "SixthWorkTests" */ = {
			isa = XCConfigurationList;
			buildConfigurations = (
				3F9DC8712196BEBC007FB8DB /* Debug */,
				3F9DC8722196BEBC007FB8DB /* Release */,
			);
			defaultConfigurationIsVisible = 0;
			defaultConfigurationName = Release;
		};
		3F9DC8732196BEBC007FB8DB /* Build configuration list for PBXNativeTarget "SixthWorkUITests" */ = {
			isa = XCConfigurationList;
			buildConfigurations = (
				3F9DC8742196BEBC007FB8DB /* Debug */,
				3F9DC8752196BEBC007FB8DB /* Release */,
			);
			defaultConfigurationIsVisible = 0;
			defaultConfigurationName = Release;
		};
/* End XCConfigurationList section */
	};
	rootObject = 3F9DC83D2196BEBB007FB8DB /* Project object */;
}
